PODS:
  - Alamofire (4.7.2)
  - Helper4Swift (0.1.5)
  - QRCodeReader.swift (8.2.0)
  - SwiftMessages (4.1.4):
    - SwiftMessages/App (= 4.1.4)
  - SwiftMessages/App (4.1.4)

DEPENDENCIES:
  - Alamofire (~> 4.7)
  - Helper4Swift
  - QRCodeReader.swift (~> 8.2.0)
  - SwiftMessages

SPEC REPOS:
  https://github.com/cocoapods/specs.git:
    - Alamofire
    - Helper4Swift
    - QRCodeReader.swift
    - SwiftMessages

SPEC CHECKSUMS:
  Alamofire: e4fa87002c137ba2d8d634d2c51fabcda0d5c223
  Helper4Swift: 3a14ded407b594ac20859883ed67aa72fb1ed93b
  QRCodeReader.swift: 003eb32f18a5a675b936ec82ba0ff368cddbff45
  SwiftMessages: 2c33fdee8b8f38dfc7e1036684456b505891da8c

PODFILE CHECKSUM: 07a1fe07d7f14d9c3133a2dc28d45750228d775e

COCOAPODS: 1.5.3
